
Microsoft Visual Studio Solution File, Format Version 12.00
# Visual Studio 14
VisualStudioVersion = 14.0.25420.1
MinimumVisualStudioVersion = 10.0.40219.1
Project("{FAE04EC0-301F-11D3-BF4B-00C04F79EFBC}") = "ValidationAttribute", "ValidationAttribute\ValidationAttribute.csproj", "{47D869CB-1723-4F7B-9955-83279BCB6318}"
EndProject
Project("{FAE04EC0-301F-11D3-BF4B-00C04F79EFBC}") = "ValidationAttributeTest", "ValidationAttributeTest\ValidationAttributeTest.csproj", "{D40B0458-0377-468C-8E21-3D3F977C5682}"
EndProject
Project("{FAE04EC0-301F-11D3-BF4B-00C04F79EFBC}") = "DiscoverValidationCore", "ValidationAttributeCore\DiscoverValidationCore.csproj", "{4768A635-DF37-48D1-8E00-3AD0B209DE79}"
EndProject
Project("{FAE04EC0-301F-11D3-BF4B-00C04F79EFBC}") = "ValidationAttributeCoreTest", "ValidationAttributeCoreTest\ValidationAttributeCoreTest.csproj", "{9AE5F40F-5EEE-4D10-8589-FDC26078E679}"
EndProject
Global
	GlobalSection(SolutionConfigurationPlatforms) = preSolution
		Debug|Any CPU = Debug|Any CPU
		Release|Any CPU = Release|Any CPU
	EndGlobalSection
	GlobalSection(ProjectConfigurationPlatforms) = postSolution
		{47D869CB-1723-4F7B-9955-83279BCB6318}.Debug|Any CPU.ActiveCfg = Debug|Any CPU
		{47D869CB-1723-4F7B-9955-83279BCB6318}.Debug|Any CPU.Build.0 = Debug|Any CPU
		{47D869CB-1723-4F7B-9955-83279BCB6318}.Release|Any CPU.ActiveCfg = Release|Any CPU
		{47D869CB-1723-4F7B-9955-83279BCB6318}.Release|Any CPU.Build.0 = Release|Any CPU
		{D40B0458-0377-468C-8E21-3D3F977C5682}.Debug|Any CPU.ActiveCfg = Debug|Any CPU
		{D40B0458-0377-468C-8E21-3D3F977C5682}.Debug|Any CPU.Build.0 = Debug|Any CPU
		{D40B0458-0377-468C-8E21-3D3F977C5682}.Release|Any CPU.ActiveCfg = Release|Any CPU
		{D40B0458-0377-468C-8E21-3D3F977C5682}.Release|Any CPU.Build.0 = Release|Any CPU
		{4768A635-DF37-48D1-8E00-3AD0B209DE79}.Debug|Any CPU.ActiveCfg = Debug|Any CPU
		{4768A635-DF37-48D1-8E00-3AD0B209DE79}.Debug|Any CPU.Build.0 = Debug|Any CPU
		{4768A635-DF37-48D1-8E00-3AD0B209DE79}.Release|Any CPU.ActiveCfg = Release|Any CPU
		{4768A635-DF37-48D1-8E00-3AD0B209DE79}.Release|Any CPU.Build.0 = Release|Any CPU
		{9AE5F40F-5EEE-4D10-8589-FDC26078E679}.Debug|Any CPU.ActiveCfg = Debug|Any CPU
		{9AE5F40F-5EEE-4D10-8589-FDC26078E679}.Debug|Any CPU.Build.0 = Debug|Any CPU
		{9AE5F40F-5EEE-4D10-8589-FDC26078E679}.Release|Any CPU.ActiveCfg = Release|Any CPU
		{9AE5F40F-5EEE-4D10-8589-FDC26078E679}.Release|Any CPU.Build.0 = Release|Any CPU
	EndGlobalSection
	GlobalSection(SolutionProperties) = preSolution
		HideSolutionNode = FALSE
	EndGlobalSection
EndGlobal
